// !$*UTF8*$!
{
	archiveVersion = 1;
	classes = {
	};
	objectVersion = 55;
	objects = {

/* Begin PBXBuildFile section */
		D1DE34792878A63500FACAD3 /* TestStateApp.swift in Sources */ = {isa = PBXBuildFile; fileRef = D1DE34782878A63500FACAD3 /* TestStateApp.swift */; };
		D1DE347B2878A63500FACAD3 /* ContentView.swift in Sources */ = {isa = PBXBuildFile; fileRef = D1DE347A2878A63500FACAD3 /* ContentView.swift */; };
		D1DE347D2878A63700FACAD3 /* Assets.xcassets in Resources */ = {isa = PBXBuildFile; fileRef = D1DE347C2878A63700FACAD3 /* Assets.xcassets */; };
		D1DE34802878A63700FACAD3 /* Preview Assets.xcassets in Resources */ = {isa = PBXBuildFile; fileRef = D1DE347F2878A63700FACAD3 /* Preview Assets.xcassets */; };
		D1DE348A2878A63800FACAD3 /* TestStateTests.swift in Sources */ = {isa = PBXBuildFile; fileRef = D1DE34892878A63800FACAD3 /* TestStateTests.swift */; };
		D1DE34942878A63800FACAD3 /* TestStateUITests.swift in Sources */ = {isa = PBXBuildFile; fileRef = D1DE34932878A63800FACAD3 /* TestStateUITests.swift */; };
		D1DE34962878A63800FACAD3 /* TestStateUITestsLaunchTests.swift in Sources */ = {isa = PBXBuildFile; fileRef = D1DE34952878A63800FACAD3 /* TestStateUITestsLaunchTests.swift */; };
/* End PBXBuildFile section */

/* Begin PBXContainerItemProxy section */
		D1DE34862878A63800FACAD3 /* PBXContainerItemProxy */ = {
			isa = PBXContainerItemProxy;
			containerPortal = D1DE346D2878A63500FACAD3 /* Project object */;
			proxyType = 1;
			remoteGlobalIDString = D1DE34742878A63500FACAD3;
			remoteInfo = TestState;
		};
		D1DE34902878A63800FACAD3 /* PBXContainerItemProxy */ = {
			isa = PBXContainerItemProxy;
			containerPortal = D1DE346D2878A63500FACAD3 /* Project object */;
			proxyType = 1;
			remoteGlobalIDString = D1DE34742878A63500FACAD3;
			remoteInfo = TestState;
		};
/* End PBXContainerItemProxy section */

/* Begin PBXFileReference section */
		D1DE34752878A63500FACAD3 /* TestState.app */ = {isa = PBXFileReference; explicitFileType = wrapper.application; includeInIndex = 0; path = TestState.app; sourceTree = BUILT_PRODUCTS_DIR; };
		D1DE34782878A63500FACAD3 /* TestStateApp.swift */ = {isa = PBXFileReference; lastKnownFileType = sourcecode.swift; path = TestStateApp.swift; sourceTree = "<group>"; };
		D1DE347A2878A63500FACAD3 /* ContentView.swift */ = {isa = PBXFileReference; lastKnownFileType = sourcecode.swift; path = ContentView.swift; sourceTree = "<group>"; };
		D1DE347C2878A63700FACAD3 /* Assets.xcassets */ = {isa = PBXFileReference; lastKnownFileType = folder.assetcatalog; path = Assets.xcassets; sourceTree = "<group>"; };
		D1DE347F2878A63700FACAD3 /* Preview Assets.xcassets */ = {isa = PBXFileReference; lastKnownFileType = folder.assetcatalog; path = "Preview Assets.xcassets"; sourceTree = "<group>"; };
		D1DE34852878A63800FACAD3 /* TestStateTests.xctest */ = {isa = PBXFileReference; explicitFileType = wrapper.cfbundle; includeInIndex = 0; path = TestStateTests.xctest; sourceTree = BUILT_PRODUCTS_DIR; };
		D1DE34892878A63800FACAD3 /* TestStateTests.swift */ = {isa = PBXFileReference; lastKnownFileType = sourcecode.swift; path = TestStateTests.swift; sourceTree = "<group>"; };
		D1DE348F2878A63800FACAD3 /* TestStateUITests.xctest */ = {isa = PBXFileReference; explicitFileType = wrapper.cfbundle; includeInIndex = 0; path = TestStateUITests.xctest; sourceTree = BUILT_PRODUCTS_DIR; };
		D1DE34932878A63800FACAD3 /* TestStateUITests.swift */ = {isa = PBXFileReference; lastKnownFileType = sourcecode.swift; path = TestStateUITests.swift; sourceTree = "<group>"; };
		D1DE34952878A63800FACAD3 /* TestStateUITestsLaunchTests.swift */ = {isa = PBXFileReference; lastKnownFileType = sourcecode.swift; path = TestStateUITestsLaunchTests.swift; sourceTree = "<group>"; };
/* End PBXFileReference section */

/* Begin PBXFrameworksBuildPhase section */
		D1DE34722878A63500FACAD3 /* Frameworks */ = {
			isa = PBXFrameworksBuildPhase;
			buildActionMask = 2147483647;
			files = (
			);
			runOnlyForDeploymentPostprocessing = 0;
		};
		D1DE34822878A63800FACAD3 /* Frameworks */ = {
			isa = PBXFrameworksBuildPhase;
			buildActionMask = 2147483647;
			files = (
			);
			runOnlyForDeploymentPostprocessing = 0;
		};
		D1DE348C2878A63800FACAD3 /* Frameworks */ = {
			isa = PBXFrameworksBuildPhase;
			buildActionMask = 2147483647;
			files = (
			);
			runOnlyForDeploymentPostprocessing = 0;
		};
/* End PBXFrameworksBuildPhase section */

/* Begin PBXGroup section */
		D1DE346C2878A63500FACAD3 = {
			isa = PBXGroup;
			children = (
				D1DE34772878A63500FACAD3 /* TestState */,
				D1DE34882878A63800FACAD3 /* TestStateTests */,
				D1DE34922878A63800FACAD3 /* TestStateUITests */,
				D1DE34762878A63500FACAD3 /* Products */,
			);
			sourceTree = "<group>";
		};
		D1DE34762878A63500FACAD3 /* Products */ = {
			isa = PBXGroup;
			children = (
				D1DE34752878A63500FACAD3 /* TestState.app */,
				D1DE34852878A63800FACAD3 /* TestStateTests.xctest */,
				D1DE348F2878A63800FACAD3 /* TestStateUITests.xctest */,
			);
			name = Products;
			sourceTree = "<group>";
		};
		D1DE34772878A63500FACAD3 /* TestState */ = {
			isa = PBXGroup;
			children = (
				D1DE34782878A63500FACAD3 /* TestStateApp.swift */,
				D1DE347A2878A63500FACAD3 /* ContentView.swift */,
				D1DE347C2878A63700FACAD3 /* Assets.xcassets */,
				D1DE347E2878A63700FACAD3 /* Preview Content */,
			);
			path = TestState;
			sourceTree = "<group>";
		};
		D1DE347E2878A63700FACAD3 /* Preview Content */ = {
			isa = PBXGroup;
			children = (
				D1DE347F2878A63700FACAD3 /* Preview Assets.xcassets */,
			);
			path = "Preview Content";
			sourceTree = "<group>";
		};
		D1DE34882878A63800FACAD3 /* TestStateTests */ = {
			isa = PBXGroup;
			children = (
				D1DE34892878A63800FACAD3 /* TestStateTests.swift */,
			);
			path = TestStateTests;
			sourceTree = "<group>";
		};
		D1DE34922878A63800FACAD3 /* TestStateUITests */ = {
			isa = PBXGroup;
			children = (
				D1DE34932878A63800FACAD3 /* TestStateUITests.swift */,
				D1DE34952878A63800FACAD3 /* TestStateUITestsLaunchTests.swift */,
			);
			path = TestStateUITests;
			sourceTree = "<group>";
		};
/* End PBXGroup section */

/* Begin PBXNativeTarget section */
		D1DE34742878A63500FACAD3 /* TestState */ = {
			isa = PBXNativeTarget;
			buildConfigurationList = D1DE34992878A63800FACAD3 /* Build configuration list for PBXNativeTarget "TestState" */;
			buildPhases = (
				D1DE34712878A63500FACAD3 /* Sources */,
				D1DE34722878A63500FACAD3 /* Frameworks */,
				D1DE34732878A63500FACAD3 /* Resources */,
			);
			buildRules = (
			);
			dependencies = (
			);
			name = TestState;
			productName = TestState;
			productReference = D1DE34752878A63500FACAD3 /* TestState.app */;
			productType = "com.apple.product-type.application";
		};
		D1DE34842878A63800FACAD3 /* TestStateTests */ = {
			isa = PBXNativeTarget;
			buildConfigurationList = D1DE349C2878A63800FACAD3 /* Build configuration list for PBXNativeTarget "TestStateTests" */;
			buildPhases = (
				D1DE34812878A63800FACAD3 /* Sources */,
				D1DE34822878A63800FACAD3 /* Frameworks */,
				D1DE34832878A63800FACAD3 /* Resources */,
			);
			buildRules = (
			);
			dependencies = (
				D1DE34872878A63800FACAD3 /* PBXTargetDependency */,
			);
			name = TestStateTests;
			productName = TestStateTests;
			productReference = D1DE34852878A63800FACAD3 /* TestStateTests.xctest */;
			productType = "com.apple.product-type.bundle.unit-test";
		};
		D1DE348E2878A63800FACAD3 /* TestStateUITests */ = {
			isa = PBXNativeTarget;
			buildConfigurationList = D1DE349F2878A63800FACAD3 /* Build configuration list for PBXNativeTarget "TestStateUITests" */;
			buildPhases = (
				D1DE348B2878A63800FACAD3 /* Sources */,
				D1DE348C2878A63800FACAD3 /* Frameworks */,
				D1DE348D2878A63800FACAD3 /* Resources */,
			);
			buildRules = (
			);
			dependencies = (
				D1DE34912878A63800FACAD3 /* PBXTargetDependency */,
			);
			name = TestStateUITests;
			productName = TestStateUITests;
			productReference = D1DE348F2878A63800FACAD3 /* TestStateUITests.xctest */;
			productType = "com.apple.product-type.bundle.ui-testing";
		};
/* End PBXNativeTarget section */

/* Begin PBXProject section */
		D1DE346D2878A63500FACAD3 /* Project object */ = {
			isa = PBXProject;
			attributes = {
				BuildIndependentTargetsInParallel = 1;
				LastSwiftUpdateCheck = 1340;
				LastUpgradeCheck = 1340;
				TargetAttributes = {
					D1DE34742878A63500FACAD3 = {
						CreatedOnToolsVersion = 13.4.1;
					};
					D1DE34842878A63800FACAD3 = {
						CreatedOnToolsVersion = 13.4.1;
						TestTargetID = D1DE34742878A63500FACAD3;
					};
					D1DE348E2878A63800FACAD3 = {
						CreatedOnToolsVersion = 13.4.1;
						TestTargetID = D1DE34742878A63500FACAD3;
					};
				};
			};
			buildConfigurationList = D1DE34702878A63500FACAD3 /* Build configuration list for PBXProject "TestState" */;
			compatibilityVersion = "Xcode 13.0";
			developmentRegion = en;
			hasScannedForEncodings = 0;
			knownRegions = (
				en,
				Base,
			);
			mainGroup = D1DE346C2878A63500FACAD3;
			productRefGroup = D1DE34762878A63500FACAD3 /* Products */;
			projectDirPath = "";
			projectRoot = "";
			targets = (
				D1DE34742878A63500FACAD3 /* TestState */,
				D1DE34842878A63800FACAD3 /* TestStateTests */,
				D1DE348E2878A63800FACAD3 /* TestStateUITests */,
			);
		};
/* End PBXProject section */

/* Begin PBXResourcesBuildPhase section */
		D1DE34732878A63500FACAD3 /* Resources */ = {
			isa = PBXResourcesBuildPhase;
			buildActionMask = 2147483647;
			files = (
				D1DE34802878A63700FACAD3 /* Preview Assets.xcassets in Resources */,
				D1DE347D2878A63700FACAD3 /* Assets.xcassets in Resources */,
			);
			runOnlyForDeploymentPostprocessing = 0;
		};
		D1DE34832878A63800FACAD3 /* Resources */ = {
			isa = PBXResourcesBuildPhase;
			buildActionMask = 2147483647;
			files = (
			);
			runOnlyForDeploymentPostprocessing = 0;
		};
		D1DE348D2878A63800FACAD3 /* Resources */ = {
			isa = PBXResourcesBuildPhase;
			buildActionMask = 2147483647;
			files = (
			);
			runOnlyForDeploymentPostprocessing = 0;
		};
/* End PBXResourcesBuildPhase section */

/* Begin PBXSourcesBuildPhase section */
		D1DE34712878A63500FACAD3 /* Sources */ = {
			isa = PBXSourcesBuildPhase;
			buildActionMask = 2147483647;
			files = (
				D1DE347B2878A63500FACAD3 /* ContentView.swift in Sources */,
				D1DE34792878A63500FACAD3 /* TestStateApp.swift in Sources */,
			);
			runOnlyForDeploymentPostprocessing = 0;
		};
		D1DE34812878A63800FACAD3 /* Sources */ = {
			isa = PBXSourcesBuildPhase;
			buildActionMask = 2147483647;
			files = (
				D1DE348A2878A63800FACAD3 /* TestStateTests.swift in Sources */,
			);
			runOnlyForDeploymentPostprocessing = 0;
		};
		D1DE348B2878A63800FACAD3 /* Sources */ = {
			isa = PBXSourcesBuildPhase;
			buildActionMask = 2147483647;
			files = (
				D1DE34962878A63800FACAD3 /* TestStateUITestsLaunchTests.swift in Sources */,
				D1DE34942878A63800FACAD3 /* TestStateUITests.swift in Sources */,
			);
			runOnlyForDeploymentPostprocessing = 0;
		};
/* End PBXSourcesBuildPhase section */

/* Begin PBXTargetDependency section */
		D1DE34872878A63800FACAD3 /* PBXTargetDependency */ = {
			isa = PBXTargetDependency;
			target = D1DE34742878A63500FACAD3 /* TestState */;
			targetProxy = D1DE34862878A63800FACAD3 /* PBXContainerItemProxy */;
		};
		D1DE34912878A63800FACAD3 /* PBXTargetDependency */ = {
			isa = PBXTargetDependency;
			target = D1DE34742878A63500FACAD3 /* TestState */;
			targetProxy = D1DE34902878A63800FACAD3 /* PBXContainerItemProxy */;
		};
/* End PBXTargetDependency section */

/* Begin XCBuildConfiguration section */
		D1DE34972878A63800FACAD3 /* Debug */ = {
			isa = XCBuildConfiguration;
			buildSettings = {
				ALWAYS_SEARCH_USER_PATHS = NO;
				CLANG_ANALYZER_NONNULL = YES;
				CLANG_ANALYZER_NUMBER_OBJECT_CONVERSION = YES_AGGRESSIVE;
				CLANG_CXX_LANGUAGE_STANDARD = "gnu++17";
				CLANG_ENABLE_MODULES = YES;
				CLANG_ENABLE_OBJC_ARC = YES;
				CLANG_ENABLE_OBJC_WEAK = YES;
				CLANG_WARN_BLOCK_CAPTURE_AUTORELEASING = YES;
				CLANG_WARN_BOOL_CONVERSION = YES;
				CLANG_WARN_COMMA = YES;
				CLANG_WARN_CONSTANT_CONVERSION = YES;
				CLANG_WARN_DEPRECATED_OBJC_IMPLEMENTATIONS = YES;
				CLANG_WARN_DIRECT_OBJC_ISA_USAGE = YES_ERROR;
				CLANG_WARN_DOCUMENTATION_COMMENTS = YES;
				CLANG_WARN_EMPTY_BODY = YES;
				CLANG_WARN_ENUM_CONVERSION = YES;
				CLANG_WARN_INFINITE_RECURSION = YES;
				CLANG_WARN_INT_CONVERSION = YES;
				CLANG_WARN_NON_LITERAL_NULL_CONVERSION = YES;
				CLANG_WARN_OBJC_IMPLICIT_RETAIN_SELF = YES;
				CLANG_WARN_OBJC_LITERAL_CONVERSION = YES;
				CLANG_WARN_OBJC_ROOT_CLASS = YES_ERROR;
				CLANG_WARN_QUOTED_INCLUDE_IN_FRAMEWORK_HEADER = YES;
				CLANG_WARN_RANGE_LOOP_ANALYSIS = YES;
				CLANG_WARN_STRICT_PROTOTYPES = YES;
				CLANG_WARN_SUSPICIOUS_MOVE = YES;
				CLANG_WARN_UNGUARDED_AVAILABILITY = YES_AGGRESSIVE;
				CLANG_WARN_UNREACHABLE_CODE = YES;
				CLANG_WARN__DUPLICATE_METHOD_MATCH = YES;
				COPY_PHASE_STRIP = NO;
				DEBUG_INFORMATION_FORMAT = dwarf;
				ENABLE_STRICT_OBJC_MSGSEND = YES;
				ENABLE_TESTABILITY = YES;
				GCC_C_LANGUAGE_STANDARD = gnu11;
				GCC_DYNAMIC_NO_PIC = NO;
				GCC_NO_COMMON_BLOCKS = YES;
				GCC_OPTIMIZATION_LEVEL = 0;
				GCC_PREPROCESSOR_DEFINITIONS = (
					"DEBUG=1",
					"$(inherited)",
				);
				GCC_WARN_64_TO_32_BIT_CONVERSION = YES;
				GCC_WARN_ABOUT_RETURN_TYPE = YES_ERROR;
				GCC_WARN_UNDECLARED_SELECTOR = YES;
				GCC_WARN_UNINITIALIZED_AUTOS = YES_AGGRESSIVE;
				GCC_WARN_UNUSED_FUNCTION = YES;
				GCC_WARN_UNUSED_VARIABLE = YES;
				IPHONEOS_DEPLOYMENT_TARGET = 15.5;
				MTL_ENABLE_DEBUG_INFO = INCLUDE_SOURCE;
				MTL_FAST_MATH = YES;
				ONLY_ACTIVE_ARCH = YES;
				SDKROOT = iphoneos;
				SWIFT_ACTIVE_COMPILATION_CONDITIONS = DEBUG;
				SWIFT_OPTIMIZATION_LEVEL = "-Onone";
			};
			name = Debug;
		};
		D1DE34982878A63800FACAD3 /* Release */ = {
			isa = XCBuildConfiguration;
			buildSettings = {
				ALWAYS_SEARCH_USER_PATHS = NO;
				CLANG_ANALYZER_NONNULL = YES;
				CLANG_ANALYZER_NUMBER_OBJECT_CONVERSION = YES_AGGRESSIVE;
				CLANG_CXX_LANGUAGE_STANDARD = "gnu++17";
				CLANG_ENABLE_MODULES = YES;
				CLANG_ENABLE_OBJC_ARC = YES;
				CLANG_ENABLE_OBJC_WEAK = YES;
				CLANG_WARN_BLOCK_CAPTURE_AUTORELEASING = YES;
				CLANG_WARN_BOOL_CONVERSION = YES;
				CLANG_WARN_COMMA = YES;
				CLANG_WARN_CONSTANT_CONVERSION = YES;
				CLANG_WARN_DEPRECATED_OBJC_IMPLEMENTATIONS = YES;
				CLANG_WARN_DIRECT_OBJC_ISA_USAGE = YES_ERROR;
				CLANG_WARN_DOCUMENTATION_COMMENTS = YES;
				CLANG_WARN_EMPTY_BODY = YES;
				CLANG_WARN_ENUM_CONVERSION = YES;
				CLANG_WARN_INFINITE_RECURSION = YES;
				CLANG_WARN_INT_CONVERSION = YES;
				CLANG_WARN_NON_LITERAL_NULL_CONVERSION = YES;
				CLANG_WARN_OBJC_IMPLICIT_RETAIN_SELF = YES;
				CLANG_WARN_OBJC_LITERAL_CONVERSION = YES;
				CLANG_WARN_OBJC_ROOT_CLASS = YES_ERROR;
				CLANG_WARN_QUOTED_INCLUDE_IN_FRAMEWORK_HEADER = YES;
				CLANG_WARN_RANGE_LOOP_ANALYSIS = YES;
				CLANG_WARN_STRICT_PROTOTYPES = YES;
				CLANG_WARN_SUSPICIOUS_MOVE = YES;
				CLANG_WARN_UNGUARDED_AVAILABILITY = YES_AGGRESSIVE;
				CLANG_WARN_UNREACHABLE_CODE = YES;
				CLANG_WARN__DUPLICATE_METHOD_MATCH = YES;
				COPY_PHASE_STRIP = NO;
				DEBUG_INFORMATION_FORMAT = "dwarf-with-dsym";
				ENABLE_NS_ASSERTIONS = NO;
				ENABLE_STRICT_OBJC_MSGSEND = YES;
				GCC_C_LANGUAGE_STANDARD = gnu11;
				GCC_NO_COMMON_BLOCKS = YES;
				GCC_WARN_64_TO_32_BIT_CONVERSION = YES;
				GCC_WARN_ABOUT_RETURN_TYPE = YES_ERROR;
				GCC_WARN_UNDECLARED_SELECTOR = YES;
				GCC_WARN_UNINITIALIZED_AUTOS = YES_AGGRESSIVE;
				GCC_WARN_UNUSED_FUNCTION = YES;
				GCC_WARN_UNUSED_VARIABLE = YES;
				IPHONEOS_DEPLOYMENT_TARGET = 15.5;
				MTL_ENABLE_DEBUG_INFO = NO;
				MTL_FAST_MATH = YES;
				SDKROOT = iphoneos;
				SWIFT_COMPILATION_MODE = wholemodule;
				SWIFT_OPTIMIZATION_LEVEL = "-O";
				VALIDATE_PRODUCT = YES;
			};
			name = Release;
		};
		D1DE349A2878A63800FACAD3 /* Debug */ = {
			isa = XCBuildConfiguration;
			buildSettings = {
				ASSETCATALOG_COMPILER_APPICON_NAME = AppIcon;
				ASSETCATALOG_COMPILER_GLOBAL_ACCENT_COLOR_NAME = AccentColor;
				CODE_SIGN_STYLE = Automatic;
				CURRENT_PROJECT_VERSION = 1;
				DEVELOPMENT_ASSET_PATHS = "\"TestState/Preview Content\"";
				DEVELOPMENT_TEAM = 4452VN45AX;
				ENABLE_PREVIEWS = YES;
				GENERATE_INFOPLIST_FILE = YES;
				INFOPLIST_KEY_UIApplicationSceneManifest_Generation = YES;
				INFOPLIST_KEY_UIApplicationSupportsIndirectInputEvents = YES;
				INFOPLIST_KEY_UILaunchScreen_Generation = YES;
				INFOPLIST_KEY_UISupportedInterfaceOrientations_iPad = "UIInterfaceOrientationPortrait UIInterfaceOrientationPortraitUpsideDown UIInterfaceOrientationLandscapeLeft UIInterfaceOrientationLandscapeRight";
				INFOPLIST_KEY_UISupportedInterfaceOrientations_iPhone = "UIInterfaceOrientationPortrait UIInterfaceOrientationLandscapeLeft UIInterfaceOrientationLandscapeRight";
				LD_RUNPATH_SEARCH_PATHS = (
					"$(inherited)",
					"@executable_path/Frameworks",
				);
				MARKETING_VERSION = 1.0;
				PRODUCT_BUNDLE_IDENTIFIER = "software.beda.test-state-1.TestState";
				PRODUCT_NAME = "$(TARGET_NAME)";
				SWIFT_EMIT_LOC_STRINGS = YES;
				SWIFT_VERSION = 5.0;
				TARGETED_DEVICE_FAMILY = "1,2";
			};
			name = Debug;
		};
		D1DE349B2878A63800FACAD3 /* Release */ = {
			isa = XCBuildConfiguration;
			buildSettings = {
				ASSETCATALOG_COMPILER_APPICON_NAME = AppIcon;
				ASSETCATALOG_COMPILER_GLOBAL_ACCENT_COLOR_NAME = AccentColor;
				CODE_SIGN_STYLE = Automatic;
				CURRENT_PROJECT_VERSION = 1;
				DEVELOPMENT_ASSET_PATHS = "\"TestState/Preview Content\"";
				DEVELOPMENT_TEAM = 4452VN45AX;
				ENABLE_PREVIEWS = YES;
				GENERATE_INFOPLIST_FILE = YES;
				INFOPLIST_KEY_UIApplicationSceneManifest_Generation = YES;
				INFOPLIST_KEY_UIApplicationSupportsIndirectInputEvents = YES;
				INFOPLIST_KEY_UILaunchScreen_Generation = YES;
				INFOPLIST_KEY_UISupportedInterfaceOrientations_iPad = "UIInterfaceOrientationPortrait UIInterfaceOrientationPortraitUpsideDown UIInterfaceOrientationLandscapeLeft UIInterfaceOrientationLandscapeRight";
				INFOPLIST_KEY_UISupportedInterfaceOrientations_iPhone = "UIInterfaceOrientationPortrait UIInterfaceOrientationLandscapeLeft UIInterfaceOrientationLandscapeRight";
				LD_RUNPATH_SEARCH_PATHS = (
					"$(inherited)",
					"@executable_path/Frameworks",
				);
				MARKETING_VERSION = 1.0;
				PRODUCT_BUNDLE_IDENTIFIER = "software.beda.test-state-1.TestState";
				PRODUCT_NAME = "$(TARGET_NAME)";
				SWIFT_EMIT_LOC_STRINGS = YES;
				SWIFT_VERSION = 5.0;
				TARGETED_DEVICE_FAMILY = "1,2";
			};
			name = Release;
		};
		D1DE349D2878A63800FACAD3 /* Debug */ = {
			isa = XCBuildConfiguration;
			buildSettings = {
				ALWAYS_EMBED_SWIFT_STANDARD_LIBRARIES = YES;
				BUNDLE_LOADER = "$(TEST_HOST)";
				CODE_SIGN_STYLE = Automatic;
				CURRENT_PROJECT_VERSION = 1;
				DEVELOPMENT_TEAM = 4452VN45AX;
				GENERATE_INFOPLIST_FILE = YES;
				IPHONEOS_DEPLOYMENT_TARGET = 15.5;
				MARKETING_VERSION = 1.0;
				PRODUCT_BUNDLE_IDENTIFIER = "software.beda.test-state-1.TestStateTests";
				PRODUCT_NAME = "$(TARGET_NAME)";
				SWIFT_EMIT_LOC_STRINGS = NO;
				SWIFT_VERSION = 5.0;
				TARGETED_DEVICE_FAMILY = "1,2";
				TEST_HOST = "$(BUILT_PRODUCTS_DIR)/TestState.app/TestState";
			};
			name = Debug;
		};
		D1DE349E2878A63800FACAD3 /* Release */ = {
			isa = XCBuildConfiguration;
			buildSettings = {
				ALWAYS_EMBED_SWIFT_STANDARD_LIBRARIES = YES;
				BUNDLE_LOADER = "$(TEST_HOST)";
				CODE_SIGN_STYLE = Automatic;
				CURRENT_PROJECT_VERSION = 1;
				DEVELOPMENT_TEAM = 4452VN45AX;
				GENERATE_INFOPLIST_FILE = YES;
				IPHONEOS_DEPLOYMENT_TARGET = 15.5;
				MARKETING_VERSION = 1.0;
				PRODUCT_BUNDLE_IDENTIFIER = "software.beda.test-state-1.TestStateTests";
				PRODUCT_NAME = "$(TARGET_NAME)";
				SWIFT_EMIT_LOC_STRINGS = NO;
				SWIFT_VERSION = 5.0;
				TARGETED_DEVICE_FAMILY = "1,2";
				TEST_HOST = "$(BUILT_PRODUCTS_DIR)/TestState.app/TestState";
			};
			name = Release;
		};
		D1DE34A02878A63800FACAD3 /* Debug */ = {
			isa = XCBuildConfiguration;
			buildSettings = {
				ALWAYS_EMBED_SWIFT_STANDARD_LIBRARIES = YES;
				CODE_SIGN_STYLE = Automatic;
				CURRENT_PROJECT_VERSION = 1;
				DEVELOPMENT_TEAM = 4452VN45AX;
				GENERATE_INFOPLIST_FILE = YES;
				MARKETING_VERSION = 1.0;
				PRODUCT_BUNDLE_IDENTIFIER = "software.beda.test-state-1.TestStateUITests";
				PRODUCT_NAME = "$(TARGET_NAME)";
				SWIFT_EMIT_LOC_STRINGS = NO;
				SWIFT_VERSION = 5.0;
				TARGETED_DEVICE_FAMILY = "1,2";
				TEST_TARGET_NAME = TestState;
			};
			name = Debug;
		};
		D1DE34A12878A63800FACAD3 /* Release */ = {
			isa = XCBuildConfiguration;
			buildSettings = {
				ALWAYS_EMBED_SWIFT_STANDARD_LIBRARIES = YES;
				CODE_SIGN_STYLE = Automatic;
				CURRENT_PROJECT_VERSION = 1;
				DEVELOPMENT_TEAM = 4452VN45AX;
				GENERATE_INFOPLIST_FILE = YES;
				MARKETING_VERSION = 1.0;
				PRODUCT_BUNDLE_IDENTIFIER = "software.beda.test-state-1.TestStateUITests";
				PRODUCT_NAME = "$(TARGET_NAME)";
				SWIFT_EMIT_LOC_STRINGS = NO;
				SWIFT_VERSION = 5.0;
				TARGETED_DEVICE_FAMILY = "1,2";
				TEST_TARGET_NAME = TestState;
			};
			name = Release;
		};
/* End XCBuildConfiguration section */

/* Begin XCConfigurationList section */
		D1DE34702878A63500FACAD3 /* Build configuration list for PBXProject "TestState" */ = {
			isa = XCConfigurationList;
			buildConfigurations = (
				D1DE34972878A63800FACAD3 /* Debug */,
				D1DE34982878A63800FACAD3 /* Release */,
			);
			defaultConfigurationIsVisible = 0;
			defaultConfigurationName = Release;
		};
		D1DE34992878A63800FACAD3 /* Build configuration list for PBXNativeTarget "TestState" */ = {
			isa = XCConfigurationList;
			buildConfigurations = (
				D1DE349A2878A63800FACAD3 /* Debug */,
				D1DE349B2878A63800FACAD3 /* Release */,
			);
			defaultConfigurationIsVisible = 0;
			defaultConfigurationName = Release;
		};
		D1DE349C2878A63800FACAD3 /* Build configuration list for PBXNativeTarget "TestStateTests" */ = {
			isa = XCConfigurationList;
			buildConfigurations = (
				D1DE349D2878A63800FACAD3 /* Debug */,
				D1DE349E2878A63800FACAD3 /* Release */,
			);
			defaultConfigurationIsVisible = 0;
			defaultConfigurationName = Release;
		};
		D1DE349F2878A63800FACAD3 /* Build configuration list for PBXNativeTarget "TestStateUITests" */ = {
			isa = XCConfigurationList;
			buildConfigurations = (
				D1DE34A02878A63800FACAD3 /* Debug */,
				D1DE34A12878A63800FACAD3 /* Release */,
			);
			defaultConfigurationIsVisible = 0;
			defaultConfigurationName = Release;
		};
/* End XCConfigurationList section */
	};
	rootObject = D1DE346D2878A63500FACAD3 /* Project object */;
}
